
Microsoft Visual Studio Solution File, Format Version 12.00
# Visual Studio Version 16
VisualStudioVersion = 16.0.28922.388
MinimumVisualStudioVersion = 10.0.40219.1
Project("{FAE04EC0-301F-11D3-BF4B-00C04F79EFBC}") = "UnitTestExamples", "UnitTestExamples\UnitTestExamples.csproj", "{F95D07A0-CF15-4957-B5A6-AAB6E11B7C63}"
EndProject
Global
	GlobalSection(SolutionConfigurationPlatforms) = preSolution
		Debug|Any CPU = Debug|Any CPU
		Release|Any CPU = Release|Any CPU
	EndGlobalSection
	GlobalSection(ProjectConfigurationPlatforms) = postSolution
		{F95D07A0-CF15-4957-B5A6-AAB6E11B7C63}.Debug|Any CPU.ActiveCfg = Debug|Any CPU
		{F95D07A0-CF15-4957-B5A6-AAB6E11B7C63}.Debug|Any CPU.Build.0 = Debug|Any CPU
		{F95D07A0-CF15-4957-B5A6-AAB6E11B7C63}.Release|Any CPU.ActiveCfg = Release|Any CPU
		{F95D07A0-CF15-4957-B5A6-AAB6E11B7C63}.Release|Any CPU.Build.0 = Release|Any CPU
	EndGlobalSection
	GlobalSection(SolutionProperties) = preSolution
		HideSolutionNode = FALSE
	EndGlobalSection
	GlobalSection(ExtensibilityGlobals) = postSolution
		SolutionGuid = {C900435A-7AD7-4B7E-91EC-91FDB89DFBF8}
	EndGlobalSection
EndGlobal
